
Microsoft Visual Studio Solution File, Format Version 12.00
# Visual Studio 2013
VisualStudioVersion = 12.0.30324.0
MinimumVisualStudioVersion = 10.0.40219.1
Project("{FAE04EC0-301F-11D3-BF4B-00C04F79EFBC}") = "TypeScriptSyntaxVisualizer", "TypeScriptSyntaxVisualizer\TypeScriptSyntaxVisualizer.csproj", "{86E038BC-0429-42DA-BC00-44953531F55D}"
EndProject
Project("{2150E333-8FDC-42A3-9474-1A3956D46DE8}") = ".nuget", ".nuget", "{ECD5FBB9-1EF9-4B1A-B313-FA4C36129315}"
	ProjectSection(SolutionItems) = preProject
		.nuget\NuGet.Config = .nuget\NuGet.Config
		.nuget\NuGet.exe = .nuget\NuGet.exe
		.nuget\NuGet.targets = .nuget\NuGet.targets
	EndProjectSection
EndProject
Global
	GlobalSection(SolutionConfigurationPlatforms) = preSolution
		Debug|Any CPU = Debug|Any CPU
		Release|Any CPU = Release|Any CPU
	EndGlobalSection
	GlobalSection(ProjectConfigurationPlatforms) = postSolution
		{86E038BC-0429-42DA-BC00-44953531F55D}.Debug|Any CPU.ActiveCfg = Debug|Any CPU
		{86E038BC-0429-42DA-BC00-44953531F55D}.Debug|Any CPU.Build.0 = Debug|Any CPU
		{86E038BC-0429-42DA-BC00-44953531F55D}.Release|Any CPU.ActiveCfg = Release|Any CPU
		{86E038BC-0429-42DA-BC00-44953531F55D}.Release|Any CPU.Build.0 = Release|Any CPU
	EndGlobalSection
	GlobalSection(SolutionProperties) = preSolution
		HideSolutionNode = FALSE
	EndGlobalSection
EndGlobal
